// !$*UTF8*$!
{
	archiveVersion = 1;
	classes = {
	};
	objectVersion = 56;
	objects = {

/* Begin PBXBuildFile section */
		6240062B295DFD6000F536F3 /* PlaceDataModel.xcdatamodeld in Sources */ = {isa = PBXBuildFile; fileRef = 62400629295DFD6000F536F3 /* PlaceDataModel.xcdatamodeld */; };
		6240062D295E14FB00F536F3 /* CoreDataManager.swift in Sources */ = {isa = PBXBuildFile; fileRef = 6240062C295E14FB00F536F3 /* CoreDataManager.swift */; };
		6240062F295E157B00F536F3 /* PlaceItem+CoreDataProperties.swift in Sources */ = {isa = PBXBuildFile; fileRef = 6240062E295E157B00F536F3 /* PlaceItem+CoreDataProperties.swift */; };
		62400633295E188400F536F3 /* CoordinateItem+CoreDataProperties.swift in Sources */ = {isa = PBXBuildFile; fileRef = 62400632295E188400F536F3 /* CoordinateItem+CoreDataProperties.swift */; };
		62400635295E1AD100F536F3 /* HoursItem+CoreDataProperties.swift in Sources */ = {isa = PBXBuildFile; fileRef = 62400634295E1AD100F536F3 /* HoursItem+CoreDataProperties.swift */; };
		62400637295E1B1C00F536F3 /* LocationItem+CoreDataProperties.swift in Sources */ = {isa = PBXBuildFile; fileRef = 62400636295E1B1C00F536F3 /* LocationItem+CoreDataProperties.swift */; };
		62400639295E1B8100F536F3 /* PhotoItem+CoreDataProperties.swift in Sources */ = {isa = PBXBuildFile; fileRef = 62400638295E1B8100F536F3 /* PhotoItem+CoreDataProperties.swift */; };
		6240063E295F7C6300F536F3 /* HomeViewModel.swift in Sources */ = {isa = PBXBuildFile; fileRef = 6240063D295F7C6300F536F3 /* HomeViewModel.swift */; };
		6274DA9029590EB0006ADFC4 /* SearchViewController+PlaceSearchBar.swift in Sources */ = {isa = PBXBuildFile; fileRef = 6274DA8F29590EB0006ADFC4 /* SearchViewController+PlaceSearchBar.swift */; };
		6274DA9229590F36006ADFC4 /* SearchViewController+LocationSearchBar.swift in Sources */ = {isa = PBXBuildFile; fileRef = 6274DA9129590F36006ADFC4 /* SearchViewController+LocationSearchBar.swift */; };
		6274DA94295923F5006ADFC4 /* SearchViewController+PlacesTableView.swift in Sources */ = {isa = PBXBuildFile; fileRef = 6274DA93295923F5006ADFC4 /* SearchViewController+PlacesTableView.swift */; };
		6274DA972959260A006ADFC4 /* PlaceCell.swift in Sources */ = {isa = PBXBuildFile; fileRef = 6274DA962959260A006ADFC4 /* PlaceCell.swift */; };
		6274DA9929596BBA006ADFC4 /* SearchViewController+SearchBarDelegate.swift in Sources */ = {isa = PBXBuildFile; fileRef = 6274DA9829596BBA006ADFC4 /* SearchViewController+SearchBarDelegate.swift */; };
		6274DA9B295A1AD2006ADFC4 /* SearchViewController+PlacesTableViewDelegate.swift in Sources */ = {isa = PBXBuildFile; fileRef = 6274DA9A295A1AD2006ADFC4 /* SearchViewController+PlacesTableViewDelegate.swift */; };
		6274DA9F295A1B51006ADFC4 /* DetailsViewController.swift in Sources */ = {isa = PBXBuildFile; fileRef = 6274DA9E295A1B51006ADFC4 /* DetailsViewController.swift */; };
		6274DAA5295A4B69006ADFC4 /* PriceView.swift in Sources */ = {isa = PBXBuildFile; fileRef = 6274DAA4295A4B69006ADFC4 /* PriceView.swift */; };
		6274DAA7295A5049006ADFC4 /* RatingView.swift in Sources */ = {isa = PBXBuildFile; fileRef = 6274DAA6295A5049006ADFC4 /* RatingView.swift */; };
		6274DAA9295A5D6B006ADFC4 /* HomeViewController+CollectionViewDelegates.swift in Sources */ = {isa = PBXBuildFile; fileRef = 6274DAA8295A5D6B006ADFC4 /* HomeViewController+CollectionViewDelegates.swift */; };
		627C2C30295BA2BB006513C3 /* DetailsViewController+PhotosCollectionView.swift in Sources */ = {isa = PBXBuildFile; fileRef = 627C2C2F295BA2BB006513C3 /* DetailsViewController+PhotosCollectionView.swift */; };
		627C2C32295BA37D006513C3 /* PhotoCell.swift in Sources */ = {isa = PBXBuildFile; fileRef = 627C2C31295BA37D006513C3 /* PhotoCell.swift */; };
		627C2C34295BE237006513C3 /* DetailsViewController+DetailsScrollView.swift in Sources */ = {isa = PBXBuildFile; fileRef = 627C2C33295BE237006513C3 /* DetailsViewController+DetailsScrollView.swift */; };
		627C2C36295BE2BA006513C3 /* DetailsViewController+DetailInfoView.swift in Sources */ = {isa = PBXBuildFile; fileRef = 627C2C35295BE2BA006513C3 /* DetailsViewController+DetailInfoView.swift */; };
		627C2C38295BE2F8006513C3 /* DetailsViewController+GetDirectionsButton.swift in Sources */ = {isa = PBXBuildFile; fileRef = 627C2C37295BE2F8006513C3 /* DetailsViewController+GetDirectionsButton.swift */; };
		627C2C3D295CDDDD006513C3 /* DetailsViewController+SaveBarButton.swift in Sources */ = {isa = PBXBuildFile; fileRef = 627C2C3C295CDDDD006513C3 /* DetailsViewController+SaveBarButton.swift */; };
		627C2C3F295CE275006513C3 /* FavoritesViewController+FavoritesCollectionView.swift in Sources */ = {isa = PBXBuildFile; fileRef = 627C2C3E295CE275006513C3 /* FavoritesViewController+FavoritesCollectionView.swift */; };
		627C2C41295CE66A006513C3 /* FavoritesCell.swift in Sources */ = {isa = PBXBuildFile; fileRef = 627C2C40295CE66A006513C3 /* FavoritesCell.swift */; };
		627C2C43295CE803006513C3 /* FavoritesViewController+CollectionViewDelegates.swift in Sources */ = {isa = PBXBuildFile; fileRef = 627C2C42295CE803006513C3 /* FavoritesViewController+CollectionViewDelegates.swift */; };
		627D7EC529673C3E002586EC /* IsSavedItem+CoreDataProperties.swift in Sources */ = {isa = PBXBuildFile; fileRef = 627D7EC429673C3E002586EC /* IsSavedItem+CoreDataProperties.swift */; };
		62893C09295781A6009012A6 /* AppDelegate.swift in Sources */ = {isa = PBXBuildFile; fileRef = 62893C08295781A6009012A6 /* AppDelegate.swift */; };
		62893C0B295781A6009012A6 /* SceneDelegate.swift in Sources */ = {isa = PBXBuildFile; fileRef = 62893C0A295781A6009012A6 /* SceneDelegate.swift */; };
		62893C12295781A7009012A6 /* Assets.xcassets in Resources */ = {isa = PBXBuildFile; fileRef = 62893C11295781A7009012A6 /* Assets.xcassets */; };
		62893C15295781A7009012A6 /* LaunchScreen.storyboard in Resources */ = {isa = PBXBuildFile; fileRef = 62893C13295781A7009012A6 /* LaunchScreen.storyboard */; };
		62893C1F295781EE009012A6 /* NetworkManager.swift in Sources */ = {isa = PBXBuildFile; fileRef = 62893C1E295781EE009012A6 /* NetworkManager.swift */; };
		62893C21295781FB009012A6 /* NetworkError.swift in Sources */ = {isa = PBXBuildFile; fileRef = 62893C20295781FB009012A6 /* NetworkError.swift */; };
		62893C2329578205009012A6 /* NetworkConstants.swift in Sources */ = {isa = PBXBuildFile; fileRef = 62893C2229578205009012A6 /* NetworkConstants.swift */; };
		62893C2C295782A7009012A6 /* TabBarController.swift in Sources */ = {isa = PBXBuildFile; fileRef = 62893C2B295782A7009012A6 /* TabBarController.swift */; };
		62893C2F295782BD009012A6 /* HomeViewController.swift in Sources */ = {isa = PBXBuildFile; fileRef = 62893C2E295782BD009012A6 /* HomeViewController.swift */; };
		62893C31295782C3009012A6 /* HomeViewController+SearchButton.swift in Sources */ = {isa = PBXBuildFile; fileRef = 62893C30295782C3009012A6 /* HomeViewController+SearchButton.swift */; };
		62893C33295782C9009012A6 /* HomeViewController+PlacesCollectionView.swift in Sources */ = {isa = PBXBuildFile; fileRef = 62893C32295782C9009012A6 /* HomeViewController+PlacesCollectionView.swift */; };
		62893C35295782D0009012A6 /* PopularPlaceCell.swift in Sources */ = {isa = PBXBuildFile; fileRef = 62893C34295782D0009012A6 /* PopularPlaceCell.swift */; };
		62893C38295782ED009012A6 /* SearchViewController.swift in Sources */ = {isa = PBXBuildFile; fileRef = 62893C37295782ED009012A6 /* SearchViewController.swift */; };
		62893C3B29578322009012A6 /* FavoritesViewController.swift in Sources */ = {isa = PBXBuildFile; fileRef = 62893C3A29578322009012A6 /* FavoritesViewController.swift */; };
		62893C3E29578372009012A6 /* Places.swift in Sources */ = {isa = PBXBuildFile; fileRef = 62893C3D29578372009012A6 /* Places.swift */; };
		62893C4229578698009012A6 /* LocationManager.swift in Sources */ = {isa = PBXBuildFile; fileRef = 62893C4129578698009012A6 /* LocationManager.swift */; };
		62893C442957B579009012A6 /* HomeViewController+PopularPlacesView.swift in Sources */ = {isa = PBXBuildFile; fileRef = 62893C432957B579009012A6 /* HomeViewController+PopularPlacesView.swift */; };
		62893C462957C148009012A6 /* GradientView.swift in Sources */ = {isa = PBXBuildFile; fileRef = 62893C452957C148009012A6 /* GradientView.swift */; };
		62893C482957C657009012A6 /* HomeViewController+PopularPlacesLabel.swift in Sources */ = {isa = PBXBuildFile; fileRef = 62893C472957C657009012A6 /* HomeViewController+PopularPlacesLabel.swift */; };
		62893C4A2957DF41009012A6 /* HomeViewController+WarningView.swift in Sources */ = {isa = PBXBuildFile; fileRef = 62893C492957DF41009012A6 /* HomeViewController+WarningView.swift */; };
		62893C4C29580426009012A6 /* HomeViewController+WarningLabel.swift in Sources */ = {isa = PBXBuildFile; fileRef = 62893C4B29580426009012A6 /* HomeViewController+WarningLabel.swift */; };
		62893C4E29580BD3009012A6 /* HomeViewController+RefreshButton.swift in Sources */ = {isa = PBXBuildFile; fileRef = 62893C4D29580BD3009012A6 /* HomeViewController+RefreshButton.swift */; };
		62893C502958139A009012A6 /* HomeViewController+Spinner.swift in Sources */ = {isa = PBXBuildFile; fileRef = 62893C4F2958139A009012A6 /* HomeViewController+Spinner.swift */; };
		62893C5329581B18009012A6 /* ImageLoader.swift in Sources */ = {isa = PBXBuildFile; fileRef = 62893C5229581B18009012A6 /* ImageLoader.swift */; };
		62CABDEC295F854E00DD0815 /* SearchViewModel.swift in Sources */ = {isa = PBXBuildFile; fileRef = 62CABDEB295F854E00DD0815 /* SearchViewModel.swift */; };
		62CABDEE295F916B00DD0815 /* DetailsViewModel.swift in Sources */ = {isa = PBXBuildFile; fileRef = 62CABDED295F916B00DD0815 /* DetailsViewModel.swift */; };
		62CABDF0295F986700DD0815 /* FavoritesViewModel.swift in Sources */ = {isa = PBXBuildFile; fileRef = 62CABDEF295F986700DD0815 /* FavoritesViewModel.swift */; };
		62CABDF5295FB44B00DD0815 /* SearchViewController+MapListBarButton.swift in Sources */ = {isa = PBXBuildFile; fileRef = 62CABDF4295FB44B00DD0815 /* SearchViewController+MapListBarButton.swift */; };
		62CABDF92960C81B00DD0815 /* SearchViewController+MapView.swift in Sources */ = {isa = PBXBuildFile; fileRef = 62CABDF82960C81B00DD0815 /* SearchViewController+MapView.swift */; };
		62CABDFE296224C300DD0815 /* PhotoViewController.swift in Sources */ = {isa = PBXBuildFile; fileRef = 62CABDFD296224C300DD0815 /* PhotoViewController.swift */; };
		62CABE002962251B00DD0815 /* DetailsViewController+PhotosCollectionViewDelegates.swift in Sources */ = {isa = PBXBuildFile; fileRef = 62CABDFF2962251B00DD0815 /* DetailsViewController+PhotosCollectionViewDelegates.swift */; };
		62CABE022962297B00DD0815 /* PhotoViewModel.swift in Sources */ = {isa = PBXBuildFile; fileRef = 62CABE012962297B00DD0815 /* PhotoViewModel.swift */; };
		62CABE0429622E9F00DD0815 /* PhotoViewController+CloseButton.swift in Sources */ = {isa = PBXBuildFile; fileRef = 62CABE0329622E9F00DD0815 /* PhotoViewController+CloseButton.swift */; };
		62CABE0629622EE800DD0815 /* PhotoViewController+PhotoView.swift in Sources */ = {isa = PBXBuildFile; fileRef = 62CABE0529622EE800DD0815 /* PhotoViewController+PhotoView.swift */; };
		62CABE082962526400DD0815 /* FavoritesViewController+FavoritesSearchBar.swift in Sources */ = {isa = PBXBuildFile; fileRef = 62CABE072962526400DD0815 /* FavoritesViewController+FavoritesSearchBar.swift */; };
		62CABE0A2963705100DD0815 /* TabBarConstants.swift in Sources */ = {isa = PBXBuildFile; fileRef = 62CABE092963705100DD0815 /* TabBarConstants.swift */; };
		62CABE0C2963711E00DD0815 /* HomeViewConstants.swift in Sources */ = {isa = PBXBuildFile; fileRef = 62CABE0B2963711E00DD0815 /* HomeViewConstants.swift */; };
		62CABE0E2963745500DD0815 /* SearchViewConstants.swift in Sources */ = {isa = PBXBuildFile; fileRef = 62CABE0D2963745500DD0815 /* SearchViewConstants.swift */; };
		62CABE10296377FA00DD0815 /* DetailsViewConstants.swift in Sources */ = {isa = PBXBuildFile; fileRef = 62CABE0F296377FA00DD0815 /* DetailsViewConstants.swift */; };
		62CABE1229637A0900DD0815 /* PhotoViewConstants.swift in Sources */ = {isa = PBXBuildFile; fileRef = 62CABE1129637A0900DD0815 /* PhotoViewConstants.swift */; };
		62CABE1429637BEA00DD0815 /* FavoritesViewConstants.swift in Sources */ = {isa = PBXBuildFile; fileRef = 62CABE1329637BEA00DD0815 /* FavoritesViewConstants.swift */; };
		62CABE1629639B4100DD0815 /* PlaceAnnotation.swift in Sources */ = {isa = PBXBuildFile; fileRef = 62CABE1529639B4100DD0815 /* PlaceAnnotation.swift */; };
		62CABE1829639E2A00DD0815 /* DetailsViewController+NavigationTitle.swift in Sources */ = {isa = PBXBuildFile; fileRef = 62CABE1729639E2A00DD0815 /* DetailsViewController+NavigationTitle.swift */; };
		62E1220B295A646000586B9A /* DetailInfoView.swift in Sources */ = {isa = PBXBuildFile; fileRef = 62E1220A295A646000586B9A /* DetailInfoView.swift */; };
/* End PBXBuildFile section */

/* Begin PBXFileReference section */
		6240062A295DFD6000F536F3 /* PlaceDataModel.xcdatamodel */ = {isa = PBXFileReference; lastKnownFileType = wrapper.xcdatamodel; path = PlaceDataModel.xcdatamodel; sourceTree = "<group>"; };
		6240062C295E14FB00F536F3 /* CoreDataManager.swift */ = {isa = PBXFileReference; lastKnownFileType = sourcecode.swift; path = CoreDataManager.swift; sourceTree = "<group>"; };
		6240062E295E157B00F536F3 /* PlaceItem+CoreDataProperties.swift */ = {isa = PBXFileReference; lastKnownFileType = sourcecode.swift; path = "PlaceItem+CoreDataProperties.swift"; sourceTree = "<group>"; };
		62400632295E188400F536F3 /* CoordinateItem+CoreDataProperties.swift */ = {isa = PBXFileReference; lastKnownFileType = sourcecode.swift; path = "CoordinateItem+CoreDataProperties.swift"; sourceTree = "<group>"; };
		62400634295E1AD100F536F3 /* HoursItem+CoreDataProperties.swift */ = {isa = PBXFileReference; lastKnownFileType = sourcecode.swift; path = "HoursItem+CoreDataProperties.swift"; sourceTree = "<group>"; };
		62400636295E1B1C00F536F3 /* LocationItem+CoreDataProperties.swift */ = {isa = PBXFileReference; lastKnownFileType = sourcecode.swift; path = "LocationItem+CoreDataProperties.swift"; sourceTree = "<group>"; };
		62400638295E1B8100F536F3 /* PhotoItem+CoreDataProperties.swift */ = {isa = PBXFileReference; lastKnownFileType = sourcecode.swift; path = "PhotoItem+CoreDataProperties.swift"; sourceTree = "<group>"; };
		6240063D295F7C6300F536F3 /* HomeViewModel.swift */ = {isa = PBXFileReference; lastKnownFileType = sourcecode.swift; path = HomeViewModel.swift; sourceTree = "<group>"; };
		6274DA8F29590EB0006ADFC4 /* SearchViewController+PlaceSearchBar.swift */ = {isa = PBXFileReference; lastKnownFileType = sourcecode.swift; path = "SearchViewController+PlaceSearchBar.swift"; sourceTree = "<group>"; };
		6274DA9129590F36006ADFC4 /* SearchViewController+LocationSearchBar.swift */ = {isa = PBXFileReference; lastKnownFileType = sourcecode.swift; path = "SearchViewController+LocationSearchBar.swift"; sourceTree = "<group>"; };
		6274DA93295923F5006ADFC4 /* SearchViewController+PlacesTableView.swift */ = {isa = PBXFileReference; lastKnownFileType = sourcecode.swift; path = "SearchViewController+PlacesTableView.swift"; sourceTree = "<group>"; };
		6274DA962959260A006ADFC4 /* PlaceCell.swift */ = {isa = PBXFileReference; lastKnownFileType = sourcecode.swift; path = PlaceCell.swift; sourceTree = "<group>"; };
		6274DA9829596BBA006ADFC4 /* SearchViewController+SearchBarDelegate.swift */ = {isa = PBXFileReference; lastKnownFileType = sourcecode.swift; path = "SearchViewController+SearchBarDelegate.swift"; sourceTree = "<group>"; };
		6274DA9A295A1AD2006ADFC4 /* SearchViewController+PlacesTableViewDelegate.swift */ = {isa = PBXFileReference; lastKnownFileType = sourcecode.swift; path = "SearchViewController+PlacesTableViewDelegate.swift"; sourceTree = "<group>"; };
		6274DA9E295A1B51006ADFC4 /* DetailsViewController.swift */ = {isa = PBXFileReference; lastKnownFileType = sourcecode.swift; path = DetailsViewController.swift; sourceTree = "<group>"; };
		6274DAA4295A4B69006ADFC4 /* PriceView.swift */ = {isa = PBXFileReference; lastKnownFileType = sourcecode.swift; path = PriceView.swift; sourceTree = "<group>"; };
		6274DAA6295A5049006ADFC4 /* RatingView.swift */ = {isa = PBXFileReference; lastKnownFileType = sourcecode.swift; path = RatingView.swift; sourceTree = "<group>"; };
		6274DAA8295A5D6B006ADFC4 /* HomeViewController+CollectionViewDelegates.swift */ = {isa = PBXFileReference; lastKnownFileType = sourcecode.swift; path = "HomeViewController+CollectionViewDelegates.swift"; sourceTree = "<group>"; };
		627C2C2F295BA2BB006513C3 /* DetailsViewController+PhotosCollectionView.swift */ = {isa = PBXFileReference; lastKnownFileType = sourcecode.swift; path = "DetailsViewController+PhotosCollectionView.swift"; sourceTree = "<group>"; };
		627C2C31295BA37D006513C3 /* PhotoCell.swift */ = {isa = PBXFileReference; lastKnownFileType = sourcecode.swift; path = PhotoCell.swift; sourceTree = "<group>"; };
		627C2C33295BE237006513C3 /* DetailsViewController+DetailsScrollView.swift */ = {isa = PBXFileReference; lastKnownFileType = sourcecode.swift; path = "DetailsViewController+DetailsScrollView.swift"; sourceTree = "<group>"; };
		627C2C35295BE2BA006513C3 /* DetailsViewController+DetailInfoView.swift */ = {isa = PBXFileReference; lastKnownFileType = sourcecode.swift; path = "DetailsViewController+DetailInfoView.swift"; sourceTree = "<group>"; };
		627C2C37295BE2F8006513C3 /* DetailsViewController+GetDirectionsButton.swift */ = {isa = PBXFileReference; lastKnownFileType = sourcecode.swift; path = "DetailsViewController+GetDirectionsButton.swift"; sourceTree = "<group>"; };
		627C2C3C295CDDDD006513C3 /* DetailsViewController+SaveBarButton.swift */ = {isa = PBXFileReference; lastKnownFileType = sourcecode.swift; path = "DetailsViewController+SaveBarButton.swift"; sourceTree = "<group>"; };
		627C2C3E295CE275006513C3 /* FavoritesViewController+FavoritesCollectionView.swift */ = {isa = PBXFileReference; lastKnownFileType = sourcecode.swift; path = "FavoritesViewController+FavoritesCollectionView.swift"; sourceTree = "<group>"; };
		627C2C40295CE66A006513C3 /* FavoritesCell.swift */ = {isa = PBXFileReference; lastKnownFileType = sourcecode.swift; path = FavoritesCell.swift; sourceTree = "<group>"; };
		627C2C42295CE803006513C3 /* FavoritesViewController+CollectionViewDelegates.swift */ = {isa = PBXFileReference; lastKnownFileType = sourcecode.swift; path = "FavoritesViewController+CollectionViewDelegates.swift"; sourceTree = "<group>"; };
		627D7EC429673C3E002586EC /* IsSavedItem+CoreDataProperties.swift */ = {isa = PBXFileReference; lastKnownFileType = sourcecode.swift; path = "IsSavedItem+CoreDataProperties.swift"; sourceTree = "<group>"; };
		62893C05295781A6009012A6 /* Burger Finder.app */ = {isa = PBXFileReference; explicitFileType = wrapper.application; includeInIndex = 0; path = "Burger Finder.app"; sourceTree = BUILT_PRODUCTS_DIR; };
		62893C08295781A6009012A6 /* AppDelegate.swift */ = {isa = PBXFileReference; lastKnownFileType = sourcecode.swift; path = AppDelegate.swift; sourceTree = "<group>"; };
		62893C0A295781A6009012A6 /* SceneDelegate.swift */ = {isa = PBXFileReference; lastKnownFileType = sourcecode.swift; path = SceneDelegate.swift; sourceTree = "<group>"; };
		62893C11295781A7009012A6 /* Assets.xcassets */ = {isa = PBXFileReference; lastKnownFileType = folder.assetcatalog; path = Assets.xcassets; sourceTree = "<group>"; };
		62893C14295781A7009012A6 /* Base */ = {isa = PBXFileReference; lastKnownFileType = file.storyboard; name = Base; path = Base.lproj/LaunchScreen.storyboard; sourceTree = "<group>"; };
		62893C16295781A7009012A6 /* Info.plist */ = {isa = PBXFileReference; lastKnownFileType = text.plist.xml; path = Info.plist; sourceTree = "<group>"; };
		62893C1E295781EE009012A6 /* NetworkManager.swift */ = {isa = PBXFileReference; fileEncoding = 4; lastKnownFileType = sourcecode.swift; path = NetworkManager.swift; sourceTree = "<group>"; };
		62893C20295781FB009012A6 /* NetworkError.swift */ = {isa = PBXFileReference; fileEncoding = 4; lastKnownFileType = sourcecode.swift; path = NetworkError.swift; sourceTree = "<group>"; };
		62893C2229578205009012A6 /* NetworkConstants.swift */ = {isa = PBXFileReference; fileEncoding = 4; lastKnownFileType = sourcecode.swift; path = NetworkConstants.swift; sourceTree = "<group>"; };
		62893C2B295782A7009012A6 /* TabBarController.swift */ = {isa = PBXFileReference; fileEncoding = 4; lastKnownFileType = sourcecode.swift; path = TabBarController.swift; sourceTree = "<group>"; };
		62893C2E295782BD009012A6 /* HomeViewController.swift */ = {isa = PBXFileReference; fileEncoding = 4; lastKnownFileType = sourcecode.swift; path = HomeViewController.swift; sourceTree = "<group>"; };
		62893C30295782C3009012A6 /* HomeViewController+SearchButton.swift */ = {isa = PBXFileReference; fileEncoding = 4; lastKnownFileType = sourcecode.swift; path = "HomeViewController+SearchButton.swift"; sourceTree = "<group>"; };
		62893C32295782C9009012A6 /* HomeViewController+PlacesCollectionView.swift */ = {isa = PBXFileReference; fileEncoding = 4; lastKnownFileType = sourcecode.swift; path = "HomeViewController+PlacesCollectionView.swift"; sourceTree = "<group>"; };
		62893C34295782D0009012A6 /* PopularPlaceCell.swift */ = {isa = PBXFileReference; fileEncoding = 4; lastKnownFileType = sourcecode.swift; path = PopularPlaceCell.swift; sourceTree = "<group>"; };
		62893C37295782ED009012A6 /* SearchViewController.swift */ = {isa = PBXFileReference; fileEncoding = 4; lastKnownFileType = sourcecode.swift; path = SearchViewController.swift; sourceTree = "<group>"; };
		62893C3A29578322009012A6 /* FavoritesViewController.swift */ = {isa = PBXFileReference; fileEncoding = 4; lastKnownFileType = sourcecode.swift; path = FavoritesViewController.swift; sourceTree = "<group>"; };
		62893C3D29578372009012A6 /* Places.swift */ = {isa = PBXFileReference; fileEncoding = 4; lastKnownFileType = sourcecode.swift; path = Places.swift; sourceTree = "<group>"; };
		62893C4129578698009012A6 /* LocationManager.swift */ = {isa = PBXFileReference; lastKnownFileType = sourcecode.swift; path = LocationManager.swift; sourceTree = "<group>"; };
		62893C432957B579009012A6 /* HomeViewController+PopularPlacesView.swift */ = {isa = PBXFileReference; lastKnownFileType = sourcecode.swift; path = "HomeViewController+PopularPlacesView.swift"; sourceTree = "<group>"; };
		62893C452957C148009012A6 /* GradientView.swift */ = {isa = PBXFileReference; lastKnownFileType = sourcecode.swift; path = GradientView.swift; sourceTree = "<group>"; };
		62893C472957C657009012A6 /* HomeViewController+PopularPlacesLabel.swift */ = {isa = PBXFileReference; lastKnownFileType = sourcecode.swift; path = "HomeViewController+PopularPlacesLabel.swift"; sourceTree = "<group>"; };
		62893C492957DF41009012A6 /* HomeViewController+WarningView.swift */ = {isa = PBXFileReference; lastKnownFileType = sourcecode.swift; path = "HomeViewController+WarningView.swift"; sourceTree = "<group>"; };
		62893C4B29580426009012A6 /* HomeViewController+WarningLabel.swift */ = {isa = PBXFileReference; lastKnownFileType = sourcecode.swift; path = "HomeViewController+WarningLabel.swift"; sourceTree = "<group>"; };
		62893C4D29580BD3009012A6 /* HomeViewController+RefreshButton.swift */ = {isa = PBXFileReference; lastKnownFileType = sourcecode.swift; path = "HomeViewController+RefreshButton.swift"; sourceTree = "<group>"; };
		62893C4F2958139A009012A6 /* HomeViewController+Spinner.swift */ = {isa = PBXFileReference; lastKnownFileType = sourcecode.swift; path = "HomeViewController+Spinner.swift"; sourceTree = "<group>"; };
		62893C5229581B18009012A6 /* ImageLoader.swift */ = {isa = PBXFileReference; lastKnownFileType = sourcecode.swift; path = ImageLoader.swift; sourceTree = "<group>"; };
		62CABDEB295F854E00DD0815 /* SearchViewModel.swift */ = {isa = PBXFileReference; lastKnownFileType = sourcecode.swift; path = SearchViewModel.swift; sourceTree = "<group>"; };
		62CABDED295F916B00DD0815 /* DetailsViewModel.swift */ = {isa = PBXFileReference; lastKnownFileType = sourcecode.swift; path = DetailsViewModel.swift; sourceTree = "<group>"; };
		62CABDEF295F986700DD0815 /* FavoritesViewModel.swift */ = {isa = PBXFileReference; lastKnownFileType = sourcecode.swift; path = FavoritesViewModel.swift; sourceTree = "<group>"; };
		62CABDF4295FB44B00DD0815 /* SearchViewController+MapListBarButton.swift */ = {isa = PBXFileReference; lastKnownFileType = sourcecode.swift; path = "SearchViewController+MapListBarButton.swift"; sourceTree = "<group>"; };
		62CABDF82960C81B00DD0815 /* SearchViewController+MapView.swift */ = {isa = PBXFileReference; lastKnownFileType = sourcecode.swift; path = "SearchViewController+MapView.swift"; sourceTree = "<group>"; };
		62CABDFD296224C300DD0815 /* PhotoViewController.swift */ = {isa = PBXFileReference; lastKnownFileType = sourcecode.swift; path = PhotoViewController.swift; sourceTree = "<group>"; };
		62CABDFF2962251B00DD0815 /* DetailsViewController+PhotosCollectionViewDelegates.swift */ = {isa = PBXFileReference; lastKnownFileType = sourcecode.swift; path = "DetailsViewController+PhotosCollectionViewDelegates.swift"; sourceTree = "<group>"; };
		62CABE012962297B00DD0815 /* PhotoViewModel.swift */ = {isa = PBXFileReference; lastKnownFileType = sourcecode.swift; path = PhotoViewModel.swift; sourceTree = "<group>"; };
		62CABE0329622E9F00DD0815 /* PhotoViewController+CloseButton.swift */ = {isa = PBXFileReference; lastKnownFileType = sourcecode.swift; path = "PhotoViewController+CloseButton.swift"; sourceTree = "<group>"; };
		62CABE0529622EE800DD0815 /* PhotoViewController+PhotoView.swift */ = {isa = PBXFileReference; lastKnownFileType = sourcecode.swift; path = "PhotoViewController+PhotoView.swift"; sourceTree = "<group>"; };
		62CABE072962526400DD0815 /* FavoritesViewController+FavoritesSearchBar.swift */ = {isa = PBXFileReference; lastKnownFileType = sourcecode.swift; path = "FavoritesViewController+FavoritesSearchBar.swift"; sourceTree = "<group>"; };
		62CABE092963705100DD0815 /* TabBarConstants.swift */ = {isa = PBXFileReference; lastKnownFileType = sourcecode.swift; path = TabBarConstants.swift; sourceTree = "<group>"; };
		62CABE0B2963711E00DD0815 /* HomeViewConstants.swift */ = {isa = PBXFileReference; lastKnownFileType = sourcecode.swift; path = HomeViewConstants.swift; sourceTree = "<group>"; };
		62CABE0D2963745500DD0815 /* SearchViewConstants.swift */ = {isa = PBXFileReference; lastKnownFileType = sourcecode.swift; path = SearchViewConstants.swift; sourceTree = "<group>"; };
		62CABE0F296377FA00DD0815 /* DetailsViewConstants.swift */ = {isa = PBXFileReference; lastKnownFileType = sourcecode.swift; path = DetailsViewConstants.swift; sourceTree = "<group>"; };
		62CABE1129637A0900DD0815 /* PhotoViewConstants.swift */ = {isa = PBXFileReference; lastKnownFileType = sourcecode.swift; path = PhotoViewConstants.swift; sourceTree = "<group>"; };
		62CABE1329637BEA00DD0815 /* FavoritesViewConstants.swift */ = {isa = PBXFileReference; lastKnownFileType = sourcecode.swift; path = FavoritesViewConstants.swift; sourceTree = "<group>"; };
		62CABE1529639B4100DD0815 /* PlaceAnnotation.swift */ = {isa = PBXFileReference; lastKnownFileType = sourcecode.swift; path = PlaceAnnotation.swift; sourceTree = "<group>"; };
		62CABE1729639E2A00DD0815 /* DetailsViewController+NavigationTitle.swift */ = {isa = PBXFileReference; lastKnownFileType = sourcecode.swift; path = "DetailsViewController+NavigationTitle.swift"; sourceTree = "<group>"; };
		62E1220A295A646000586B9A /* DetailInfoView.swift */ = {isa = PBXFileReference; lastKnownFileType = sourcecode.swift; path = DetailInfoView.swift; sourceTree = "<group>"; };
/* End PBXFileReference section */

/* Begin PBXFrameworksBuildPhase section */
		62893C02295781A6009012A6 /* Frameworks */ = {
			isa = PBXFrameworksBuildPhase;
			buildActionMask = 2147483647;
			files = (
			);
			runOnlyForDeploymentPostprocessing = 0;
		};
/* End PBXFrameworksBuildPhase section */

/* Begin PBXGroup section */
		6274DA9C295A1B1C006ADFC4 /* DetailsView */ = {
			isa = PBXGroup;
			children = (
				62CABDED295F916B00DD0815 /* DetailsViewModel.swift */,
				62CABE0F296377FA00DD0815 /* DetailsViewConstants.swift */,
				6274DA9E295A1B51006ADFC4 /* DetailsViewController.swift */,
				62CABE1729639E2A00DD0815 /* DetailsViewController+NavigationTitle.swift */,
				627C2C3C295CDDDD006513C3 /* DetailsViewController+SaveBarButton.swift */,
				627C2C35295BE2BA006513C3 /* DetailsViewController+DetailInfoView.swift */,
				627C2C37295BE2F8006513C3 /* DetailsViewController+GetDirectionsButton.swift */,
				627C2C33295BE237006513C3 /* DetailsViewController+DetailsScrollView.swift */,
				627C2C2F295BA2BB006513C3 /* DetailsViewController+PhotosCollectionView.swift */,
				62CABDFF2962251B00DD0815 /* DetailsViewController+PhotosCollectionViewDelegates.swift */,
				62E1220A295A646000586B9A /* DetailInfoView.swift */,
				627C2C31295BA37D006513C3 /* PhotoCell.swift */,
			);
			path = DetailsView;
			sourceTree = "<group>";
		};
		627C2C44295DF613006513C3 /* Persistency */ = {
			isa = PBXGroup;
			children = (
				62400629295DFD6000F536F3 /* PlaceDataModel.xcdatamodeld */,
				6240062C295E14FB00F536F3 /* CoreDataManager.swift */,
				62400632295E188400F536F3 /* CoordinateItem+CoreDataProperties.swift */,
				62400634295E1AD100F536F3 /* HoursItem+CoreDataProperties.swift */,
				62400636295E1B1C00F536F3 /* LocationItem+CoreDataProperties.swift */,
				62400638295E1B8100F536F3 /* PhotoItem+CoreDataProperties.swift */,
				6240062E295E157B00F536F3 /* PlaceItem+CoreDataProperties.swift */,
				627D7EC429673C3E002586EC /* IsSavedItem+CoreDataProperties.swift */,
			);
			path = Persistency;
			sourceTree = "<group>";
		};
		62893BFC295781A6009012A6 = {
			isa = PBXGroup;
			children = (
				62893C07295781A6009012A6 /* Burger Finder */,
				62893C06295781A6009012A6 /* Products */,
			);
			sourceTree = "<group>";
		};
		62893C06295781A6009012A6 /* Products */ = {
			isa = PBXGroup;
			children = (
				62893C05295781A6009012A6 /* Burger Finder.app */,
			);
			name = Products;
			sourceTree = "<group>";
		};
		62893C07295781A6009012A6 /* Burger Finder */ = {
			isa = PBXGroup;
			children = (
				62893C1C295781C0009012A6 /* AppInit */,
				62893C1D295781D0009012A6 /* Service Manager */,
				627C2C44295DF613006513C3 /* Persistency */,
				62893C3C29578354009012A6 /* Model */,
				62893C2929578279009012A6 /* View */,
				62893C11295781A7009012A6 /* Assets.xcassets */,
				62893C13295781A7009012A6 /* LaunchScreen.storyboard */,
				62893C16295781A7009012A6 /* Info.plist */,
			);
			path = "Burger Finder";
			sourceTree = "<group>";
		};
		62893C1C295781C0009012A6 /* AppInit */ = {
			isa = PBXGroup;
			children = (
				62893C0A295781A6009012A6 /* SceneDelegate.swift */,
				62893C08295781A6009012A6 /* AppDelegate.swift */,
			);
			path = AppInit;
			sourceTree = "<group>";
		};
		62893C1D295781D0009012A6 /* Service Manager */ = {
			isa = PBXGroup;
			children = (
				62893C5129581A87009012A6 /* ImageLoader */,
				62893C3F29578653009012A6 /* NetworkManager */,
				62893C402957867D009012A6 /* LocationManager */,
			);
			path = "Service Manager";
			sourceTree = "<group>";
		};
		62893C2929578279009012A6 /* View */ = {
			isa = PBXGroup;
			children = (
				62893C2A29578294009012A6 /* TabBarController */,
				62893C2D295782B2009012A6 /* HomeView */,
				62893C36295782DC009012A6 /* SearchView */,
				6274DA9C295A1B1C006ADFC4 /* DetailsView */,
				62CABDFC2962248A00DD0815 /* PhotoView */,
				62893C39295782FD009012A6 /* FavoritesView */,
			);
			path = View;
			sourceTree = "<group>";
		};
		62893C2A29578294009012A6 /* TabBarController */ = {
			isa = PBXGroup;
			children = (
				62893C2B295782A7009012A6 /* TabBarController.swift */,
				62CABE092963705100DD0815 /* TabBarConstants.swift */,
			);
			path = TabBarController;
			sourceTree = "<group>";
		};
		62893C2D295782B2009012A6 /* HomeView */ = {
			isa = PBXGroup;
			children = (
				6240063D295F7C6300F536F3 /* HomeViewModel.swift */,
				62CABE0B2963711E00DD0815 /* HomeViewConstants.swift */,
				62893C2E295782BD009012A6 /* HomeViewController.swift */,
				62893C30295782C3009012A6 /* HomeViewController+SearchButton.swift */,
				62893C32295782C9009012A6 /* HomeViewController+PlacesCollectionView.swift */,
				6274DAA8295A5D6B006ADFC4 /* HomeViewController+CollectionViewDelegates.swift */,
				62893C34295782D0009012A6 /* PopularPlaceCell.swift */,
				62893C432957B579009012A6 /* HomeViewController+PopularPlacesView.swift */,
				62893C472957C657009012A6 /* HomeViewController+PopularPlacesLabel.swift */,
				62893C492957DF41009012A6 /* HomeViewController+WarningView.swift */,
				62893C4B29580426009012A6 /* HomeViewController+WarningLabel.swift */,
				62893C4D29580BD3009012A6 /* HomeViewController+RefreshButton.swift */,
				62893C4F2958139A009012A6 /* HomeViewController+Spinner.swift */,
				62893C452957C148009012A6 /* GradientView.swift */,
				6274DAA6295A5049006ADFC4 /* RatingView.swift */,
			);
			path = HomeView;
			sourceTree = "<group>";
		};
		62893C36295782DC009012A6 /* SearchView */ = {
			isa = PBXGroup;
			children = (
				62CABDEB295F854E00DD0815 /* SearchViewModel.swift */,
				62CABE0D2963745500DD0815 /* SearchViewConstants.swift */,
				62893C37295782ED009012A6 /* SearchViewController.swift */,
				62CABDF4295FB44B00DD0815 /* SearchViewController+MapListBarButton.swift */,
				62CABDF82960C81B00DD0815 /* SearchViewController+MapView.swift */,
				6274DA8F29590EB0006ADFC4 /* SearchViewController+PlaceSearchBar.swift */,
				6274DA9129590F36006ADFC4 /* SearchViewController+LocationSearchBar.swift */,
				6274DA9829596BBA006ADFC4 /* SearchViewController+SearchBarDelegate.swift */,
				6274DA93295923F5006ADFC4 /* SearchViewController+PlacesTableView.swift */,
				6274DA9A295A1AD2006ADFC4 /* SearchViewController+PlacesTableViewDelegate.swift */,
				6274DA962959260A006ADFC4 /* PlaceCell.swift */,
				6274DAA4295A4B69006ADFC4 /* PriceView.swift */,
				62CABE1529639B4100DD0815 /* PlaceAnnotation.swift */,
			);
			path = SearchView;
			sourceTree = "<group>";
		};
		62893C39295782FD009012A6 /* FavoritesView */ = {
			isa = PBXGroup;
			children = (
				62CABDEF295F986700DD0815 /* FavoritesViewModel.swift */,
				62CABE1329637BEA00DD0815 /* FavoritesViewConstants.swift */,
				62893C3A29578322009012A6 /* FavoritesViewController.swift */,
				62CABE072962526400DD0815 /* FavoritesViewController+FavoritesSearchBar.swift */,
				627C2C3E295CE275006513C3 /* FavoritesViewController+FavoritesCollectionView.swift */,
				627C2C42295CE803006513C3 /* FavoritesViewController+CollectionViewDelegates.swift */,
				627C2C40295CE66A006513C3 /* FavoritesCell.swift */,
			);
			path = FavoritesView;
			sourceTree = "<group>";
		};
		62893C3C29578354009012A6 /* Model */ = {
			isa = PBXGroup;
			children = (
				62893C3D29578372009012A6 /* Places.swift */,
			);
			path = Model;
			sourceTree = "<group>";
		};
		62893C3F29578653009012A6 /* NetworkManager */ = {
			isa = PBXGroup;
			children = (
				62893C2229578205009012A6 /* NetworkConstants.swift */,
				62893C20295781FB009012A6 /* NetworkError.swift */,
				62893C1E295781EE009012A6 /* NetworkManager.swift */,
			);
			path = NetworkManager;
			sourceTree = "<group>";
		};
		62893C402957867D009012A6 /* LocationManager */ = {
			isa = PBXGroup;
			children = (
				62893C4129578698009012A6 /* LocationManager.swift */,
			);
			path = LocationManager;
			sourceTree = "<group>";
		};
		62893C5129581A87009012A6 /* ImageLoader */ = {
			isa = PBXGroup;
			children = (
				62893C5229581B18009012A6 /* ImageLoader.swift */,
			);
			path = ImageLoader;
			sourceTree = "<group>";
		};
		62CABDFC2962248A00DD0815 /* PhotoView */ = {
			isa = PBXGroup;
			children = (
				62CABE012962297B00DD0815 /* PhotoViewModel.swift */,
				62CABE1129637A0900DD0815 /* PhotoViewConstants.swift */,
				62CABDFD296224C300DD0815 /* PhotoViewController.swift */,
				62CABE0329622E9F00DD0815 /* PhotoViewController+CloseButton.swift */,
				62CABE0529622EE800DD0815 /* PhotoViewController+PhotoView.swift */,
			);
			path = PhotoView;
			sourceTree = "<group>";
		};
/* End PBXGroup section */

/* Begin PBXNativeTarget section */
		62893C04295781A6009012A6 /* Burger Finder */ = {
			isa = PBXNativeTarget;
			buildConfigurationList = 62893C19295781A7009012A6 /* Build configuration list for PBXNativeTarget "Burger Finder" */;
			buildPhases = (
				62893C01295781A6009012A6 /* Sources */,
				62893C02295781A6009012A6 /* Frameworks */,
				62893C03295781A6009012A6 /* Resources */,
			);
			buildRules = (
			);
			dependencies = (
			);
			name = "Burger Finder";
			productName = "Burger Finder";
			productReference = 62893C05295781A6009012A6 /* Burger Finder.app */;
			productType = "com.apple.product-type.application";
		};
/* End PBXNativeTarget section */

/* Begin PBXProject section */
		62893BFD295781A6009012A6 /* Project object */ = {
			isa = PBXProject;
			attributes = {
				BuildIndependentTargetsInParallel = 1;
				LastSwiftUpdateCheck = 1420;
				LastUpgradeCheck = 1420;
				TargetAttributes = {
					62893C04295781A6009012A6 = {
						CreatedOnToolsVersion = 14.2;
					};
				};
			};
			buildConfigurationList = 62893C00295781A6009012A6 /* Build configuration list for PBXProject "Burger Finder" */;
			compatibilityVersion = "Xcode 14.0";
			developmentRegion = en;
			hasScannedForEncodings = 0;
			knownRegions = (
				en,
				Base,
			);
			mainGroup = 62893BFC295781A6009012A6;
			productRefGroup = 62893C06295781A6009012A6 /* Products */;
			projectDirPath = "";
			projectRoot = "";
			targets = (
				62893C04295781A6009012A6 /* Burger Finder */,
			);
		};
/* End PBXProject section */

/* Begin PBXResourcesBuildPhase section */
		62893C03295781A6009012A6 /* Resources */ = {
			isa = PBXResourcesBuildPhase;
			buildActionMask = 2147483647;
			files = (
				62893C15295781A7009012A6 /* LaunchScreen.storyboard in Resources */,
				62893C12295781A7009012A6 /* Assets.xcassets in Resources */,
			);
			runOnlyForDeploymentPostprocessing = 0;
		};
/* End PBXResourcesBuildPhase section */

/* Begin PBXSourcesBuildPhase section */
		62893C01295781A6009012A6 /* Sources */ = {
			isa = PBXSourcesBuildPhase;
			buildActionMask = 2147483647;
			files = (
				62893C2329578205009012A6 /* NetworkConstants.swift in Sources */,
				62CABE0A2963705100DD0815 /* TabBarConstants.swift in Sources */,
				62CABDF5295FB44B00DD0815 /* SearchViewController+MapListBarButton.swift in Sources */,
				62CABE0429622E9F00DD0815 /* PhotoViewController+CloseButton.swift in Sources */,
				62893C4C29580426009012A6 /* HomeViewController+WarningLabel.swift in Sources */,
				62893C31295782C3009012A6 /* HomeViewController+SearchButton.swift in Sources */,
				62893C4229578698009012A6 /* LocationManager.swift in Sources */,
				627C2C41295CE66A006513C3 /* FavoritesCell.swift in Sources */,
				62893C3B29578322009012A6 /* FavoritesViewController.swift in Sources */,
				6274DA9B295A1AD2006ADFC4 /* SearchViewController+PlacesTableViewDelegate.swift in Sources */,
				62CABDEE295F916B00DD0815 /* DetailsViewModel.swift in Sources */,
				6274DA9229590F36006ADFC4 /* SearchViewController+LocationSearchBar.swift in Sources */,
				62CABE0E2963745500DD0815 /* SearchViewConstants.swift in Sources */,
				62400635295E1AD100F536F3 /* HoursItem+CoreDataProperties.swift in Sources */,
				62400639295E1B8100F536F3 /* PhotoItem+CoreDataProperties.swift in Sources */,
				62CABE10296377FA00DD0815 /* DetailsViewConstants.swift in Sources */,
				6240062D295E14FB00F536F3 /* CoreDataManager.swift in Sources */,
				627C2C36295BE2BA006513C3 /* DetailsViewController+DetailInfoView.swift in Sources */,
				627C2C30295BA2BB006513C3 /* DetailsViewController+PhotosCollectionView.swift in Sources */,
				62893C462957C148009012A6 /* GradientView.swift in Sources */,
				62893C3E29578372009012A6 /* Places.swift in Sources */,
				62CABE0C2963711E00DD0815 /* HomeViewConstants.swift in Sources */,
				62CABDFE296224C300DD0815 /* PhotoViewController.swift in Sources */,
				62CABE022962297B00DD0815 /* PhotoViewModel.swift in Sources */,
				62893C2C295782A7009012A6 /* TabBarController.swift in Sources */,
				6274DAA9295A5D6B006ADFC4 /* HomeViewController+CollectionViewDelegates.swift in Sources */,
				62CABE002962251B00DD0815 /* DetailsViewController+PhotosCollectionViewDelegates.swift in Sources */,
				62893C1F295781EE009012A6 /* NetworkManager.swift in Sources */,
				62400637295E1B1C00F536F3 /* LocationItem+CoreDataProperties.swift in Sources */,
				627C2C38295BE2F8006513C3 /* DetailsViewController+GetDirectionsButton.swift in Sources */,
				62CABDF92960C81B00DD0815 /* SearchViewController+MapView.swift in Sources */,
				6240063E295F7C6300F536F3 /* HomeViewModel.swift in Sources */,
				6274DAA7295A5049006ADFC4 /* RatingView.swift in Sources */,
				62CABDEC295F854E00DD0815 /* SearchViewModel.swift in Sources */,
				62893C35295782D0009012A6 /* PopularPlaceCell.swift in Sources */,
				62893C4E29580BD3009012A6 /* HomeViewController+RefreshButton.swift in Sources */,
				62CABE1229637A0900DD0815 /* PhotoViewConstants.swift in Sources */,
				62E1220B295A646000586B9A /* DetailInfoView.swift in Sources */,
				6274DAA5295A4B69006ADFC4 /* PriceView.swift in Sources */,
				6240062B295DFD6000F536F3 /* PlaceDataModel.xcdatamodeld in Sources */,
				62CABE1629639B4100DD0815 /* PlaceAnnotation.swift in Sources */,
				627C2C34295BE237006513C3 /* DetailsViewController+DetailsScrollView.swift in Sources */,
				62893C33295782C9009012A6 /* HomeViewController+PlacesCollectionView.swift in Sources */,
				62893C38295782ED009012A6 /* SearchViewController.swift in Sources */,
				62893C2F295782BD009012A6 /* HomeViewController.swift in Sources */,
				62893C5329581B18009012A6 /* ImageLoader.swift in Sources */,
				62893C09295781A6009012A6 /* AppDelegate.swift in Sources */,
				62893C502958139A009012A6 /* HomeViewController+Spinner.swift in Sources */,
				62893C482957C657009012A6 /* HomeViewController+PopularPlacesLabel.swift in Sources */,
				6274DA9F295A1B51006ADFC4 /* DetailsViewController.swift in Sources */,
				627C2C3F295CE275006513C3 /* FavoritesViewController+FavoritesCollectionView.swift in Sources */,
				62893C4A2957DF41009012A6 /* HomeViewController+WarningView.swift in Sources */,
				62400633295E188400F536F3 /* CoordinateItem+CoreDataProperties.swift in Sources */,
				627C2C43295CE803006513C3 /* FavoritesViewController+CollectionViewDelegates.swift in Sources */,
				62CABE082962526400DD0815 /* FavoritesViewController+FavoritesSearchBar.swift in Sources */,
				62CABE1429637BEA00DD0815 /* FavoritesViewConstants.swift in Sources */,
				62893C0B295781A6009012A6 /* SceneDelegate.swift in Sources */,
				627C2C32295BA37D006513C3 /* PhotoCell.swift in Sources */,
				6274DA972959260A006ADFC4 /* PlaceCell.swift in Sources */,
				6274DA9029590EB0006ADFC4 /* SearchViewController+PlaceSearchBar.swift in Sources */,
				62893C442957B579009012A6 /* HomeViewController+PopularPlacesView.swift in Sources */,
				62CABDF0295F986700DD0815 /* FavoritesViewModel.swift in Sources */,
				62CABE0629622EE800DD0815 /* PhotoViewController+PhotoView.swift in Sources */,
				627D7EC529673C3E002586EC /* IsSavedItem+CoreDataProperties.swift in Sources */,
				627C2C3D295CDDDD006513C3 /* DetailsViewController+SaveBarButton.swift in Sources */,
				62893C21295781FB009012A6 /* NetworkError.swift in Sources */,
				62CABE1829639E2A00DD0815 /* DetailsViewController+NavigationTitle.swift in Sources */,
				6274DA94295923F5006ADFC4 /* SearchViewController+PlacesTableView.swift in Sources */,
				6274DA9929596BBA006ADFC4 /* SearchViewController+SearchBarDelegate.swift in Sources */,
				6240062F295E157B00F536F3 /* PlaceItem+CoreDataProperties.swift in Sources */,
			);
			runOnlyForDeploymentPostprocessing = 0;
		};
/* End PBXSourcesBuildPhase section */

/* Begin PBXVariantGroup section */
		62893C13295781A7009012A6 /* LaunchScreen.storyboard */ = {
			isa = PBXVariantGroup;
			children = (
				62893C14295781A7009012A6 /* Base */,
			);
			name = LaunchScreen.storyboard;
			sourceTree = "<group>";
		};
/* End PBXVariantGroup section */

/* Begin XCBuildConfiguration section */
		62893C17295781A7009012A6 /* Debug */ = {
			isa = XCBuildConfiguration;
			buildSettings = {
				ALWAYS_SEARCH_USER_PATHS = NO;
				CLANG_ANALYZER_NONNULL = YES;
				CLANG_ANALYZER_NUMBER_OBJECT_CONVERSION = YES_AGGRESSIVE;
				CLANG_CXX_LANGUAGE_STANDARD = "gnu++20";
				CLANG_ENABLE_MODULES = YES;
				CLANG_ENABLE_OBJC_ARC = YES;
				CLANG_ENABLE_OBJC_WEAK = YES;
				CLANG_WARN_BLOCK_CAPTURE_AUTORELEASING = YES;
				CLANG_WARN_BOOL_CONVERSION = YES;
				CLANG_WARN_COMMA = YES;
				CLANG_WARN_CONSTANT_CONVERSION = YES;
				CLANG_WARN_DEPRECATED_OBJC_IMPLEMENTATIONS = YES;
				CLANG_WARN_DIRECT_OBJC_ISA_USAGE = YES_ERROR;
				CLANG_WARN_DOCUMENTATION_COMMENTS = YES;
				CLANG_WARN_EMPTY_BODY = YES;
				CLANG_WARN_ENUM_CONVERSION = YES;
				CLANG_WARN_INFINITE_RECURSION = YES;
				CLANG_WARN_INT_CONVERSION = YES;
				CLANG_WARN_NON_LITERAL_NULL_CONVERSION = YES;
				CLANG_WARN_OBJC_IMPLICIT_RETAIN_SELF = YES;
				CLANG_WARN_OBJC_LITERAL_CONVERSION = YES;
				CLANG_WARN_OBJC_ROOT_CLASS = YES_ERROR;
				CLANG_WARN_QUOTED_INCLUDE_IN_FRAMEWORK_HEADER = YES;
				CLANG_WARN_RANGE_LOOP_ANALYSIS = YES;
				CLANG_WARN_STRICT_PROTOTYPES = YES;
				CLANG_WARN_SUSPICIOUS_MOVE = YES;
				CLANG_WARN_UNGUARDED_AVAILABILITY = YES_AGGRESSIVE;
				CLANG_WARN_UNREACHABLE_CODE = YES;
				CLANG_WARN__DUPLICATE_METHOD_MATCH = YES;
				COPY_PHASE_STRIP = NO;
				DEBUG_INFORMATION_FORMAT = dwarf;
				ENABLE_STRICT_OBJC_MSGSEND = YES;
				ENABLE_TESTABILITY = YES;
				GCC_C_LANGUAGE_STANDARD = gnu11;
				GCC_DYNAMIC_NO_PIC = NO;
				GCC_NO_COMMON_BLOCKS = YES;
				GCC_OPTIMIZATION_LEVEL = 0;
				GCC_PREPROCESSOR_DEFINITIONS = (
					"DEBUG=1",
					"$(inherited)",
				);
				GCC_WARN_64_TO_32_BIT_CONVERSION = YES;
				GCC_WARN_ABOUT_RETURN_TYPE = YES_ERROR;
				GCC_WARN_UNDECLARED_SELECTOR = YES;
				GCC_WARN_UNINITIALIZED_AUTOS = YES_AGGRESSIVE;
				GCC_WARN_UNUSED_FUNCTION = YES;
				GCC_WARN_UNUSED_VARIABLE = YES;
				IPHONEOS_DEPLOYMENT_TARGET = 16.2;
				MTL_ENABLE_DEBUG_INFO = INCLUDE_SOURCE;
				MTL_FAST_MATH = YES;
				ONLY_ACTIVE_ARCH = YES;
				SDKROOT = iphoneos;
				SWIFT_ACTIVE_COMPILATION_CONDITIONS = DEBUG;
				SWIFT_OPTIMIZATION_LEVEL = "-Onone";
			};
			name = Debug;
		};
		62893C18295781A7009012A6 /* Release */ = {
			isa = XCBuildConfiguration;
			buildSettings = {
				ALWAYS_SEARCH_USER_PATHS = NO;
				CLANG_ANALYZER_NONNULL = YES;
				CLANG_ANALYZER_NUMBER_OBJECT_CONVERSION = YES_AGGRESSIVE;
				CLANG_CXX_LANGUAGE_STANDARD = "gnu++20";
				CLANG_ENABLE_MODULES = YES;
				CLANG_ENABLE_OBJC_ARC = YES;
				CLANG_ENABLE_OBJC_WEAK = YES;
				CLANG_WARN_BLOCK_CAPTURE_AUTORELEASING = YES;
				CLANG_WARN_BOOL_CONVERSION = YES;
				CLANG_WARN_COMMA = YES;
				CLANG_WARN_CONSTANT_CONVERSION = YES;
				CLANG_WARN_DEPRECATED_OBJC_IMPLEMENTATIONS = YES;
				CLANG_WARN_DIRECT_OBJC_ISA_USAGE = YES_ERROR;
				CLANG_WARN_DOCUMENTATION_COMMENTS = YES;
				CLANG_WARN_EMPTY_BODY = YES;
				CLANG_WARN_ENUM_CONVERSION = YES;
				CLANG_WARN_INFINITE_RECURSION = YES;
				CLANG_WARN_INT_CONVERSION = YES;
				CLANG_WARN_NON_LITERAL_NULL_CONVERSION = YES;
				CLANG_WARN_OBJC_IMPLICIT_RETAIN_SELF = YES;
				CLANG_WARN_OBJC_LITERAL_CONVERSION = YES;
				CLANG_WARN_OBJC_ROOT_CLASS = YES_ERROR;
				CLANG_WARN_QUOTED_INCLUDE_IN_FRAMEWORK_HEADER = YES;
				CLANG_WARN_RANGE_LOOP_ANALYSIS = YES;
				CLANG_WARN_STRICT_PROTOTYPES = YES;
				CLANG_WARN_SUSPICIOUS_MOVE = YES;
				CLANG_WARN_UNGUARDED_AVAILABILITY = YES_AGGRESSIVE;
				CLANG_WARN_UNREACHABLE_CODE = YES;
				CLANG_WARN__DUPLICATE_METHOD_MATCH = YES;
				COPY_PHASE_STRIP = NO;
				DEBUG_INFORMATION_FORMAT = "dwarf-with-dsym";
				ENABLE_NS_ASSERTIONS = NO;
				ENABLE_STRICT_OBJC_MSGSEND = YES;
				GCC_C_LANGUAGE_STANDARD = gnu11;
				GCC_NO_COMMON_BLOCKS = YES;
				GCC_WARN_64_TO_32_BIT_CONVERSION = YES;
				GCC_WARN_ABOUT_RETURN_TYPE = YES_ERROR;
				GCC_WARN_UNDECLARED_SELECTOR = YES;
				GCC_WARN_UNINITIALIZED_AUTOS = YES_AGGRESSIVE;
				GCC_WARN_UNUSED_FUNCTION = YES;
				GCC_WARN_UNUSED_VARIABLE = YES;
				IPHONEOS_DEPLOYMENT_TARGET = 16.2;
				MTL_ENABLE_DEBUG_INFO = NO;
				MTL_FAST_MATH = YES;
				SDKROOT = iphoneos;
				SWIFT_COMPILATION_MODE = wholemodule;
				SWIFT_OPTIMIZATION_LEVEL = "-O";
				VALIDATE_PRODUCT = YES;
			};
			name = Release;
		};
		62893C1A295781A7009012A6 /* Debug */ = {
			isa = XCBuildConfiguration;
			buildSettings = {
				ASSETCATALOG_COMPILER_APPICON_NAME = AppIcon;
				ASSETCATALOG_COMPILER_GLOBAL_ACCENT_COLOR_NAME = AccentColor;
				CODE_SIGN_STYLE = Automatic;
				CURRENT_PROJECT_VERSION = 1;
				DEVELOPMENT_TEAM = 9RX5VUTPWS;
				GENERATE_INFOPLIST_FILE = YES;
				INFOPLIST_FILE = "Burger Finder/Info.plist";
				INFOPLIST_KEY_NSLocationUsageDescription = "Please allow location access to use our app";
				INFOPLIST_KEY_NSLocationWhenInUseUsageDescription = "Please allow location access to use our app";
				INFOPLIST_KEY_UIApplicationSupportsIndirectInputEvents = YES;
				INFOPLIST_KEY_UILaunchStoryboardName = LaunchScreen;
				INFOPLIST_KEY_UIRequiresFullScreen = YES;
				INFOPLIST_KEY_UIStatusBarStyle = "";
				INFOPLIST_KEY_UISupportedInterfaceOrientations = UIInterfaceOrientationPortrait;
				LD_RUNPATH_SEARCH_PATHS = (
					"$(inherited)",
					"@executable_path/Frameworks",
				);
				MARKETING_VERSION = 1.0;
				PRODUCT_BUNDLE_IDENTIFIER = "com.feyzatopgul.Burger-Finder";
				PRODUCT_NAME = "$(TARGET_NAME)";
				SWIFT_EMIT_LOC_STRINGS = YES;
				SWIFT_VERSION = 5.0;
				TARGETED_DEVICE_FAMILY = "1,2";
			};
			name = Debug;
		};
		62893C1B295781A7009012A6 /* Release */ = {
			isa = XCBuildConfiguration;
			buildSettings = {
				ASSETCATALOG_COMPILER_APPICON_NAME = AppIcon;
				ASSETCATALOG_COMPILER_GLOBAL_ACCENT_COLOR_NAME = AccentColor;
				CODE_SIGN_STYLE = Automatic;
				CURRENT_PROJECT_VERSION = 1;
				DEVELOPMENT_TEAM = 9RX5VUTPWS;
				GENERATE_INFOPLIST_FILE = YES;
				INFOPLIST_FILE = "Burger Finder/Info.plist";
				INFOPLIST_KEY_NSLocationUsageDescription = "Please allow location access to use our app";
				INFOPLIST_KEY_NSLocationWhenInUseUsageDescription = "Please allow location access to use our app";
				INFOPLIST_KEY_UIApplicationSupportsIndirectInputEvents = YES;
				INFOPLIST_KEY_UILaunchStoryboardName = LaunchScreen;
				INFOPLIST_KEY_UIRequiresFullScreen = YES;
				INFOPLIST_KEY_UIStatusBarStyle = "";
				INFOPLIST_KEY_UISupportedInterfaceOrientations = UIInterfaceOrientationPortrait;
				LD_RUNPATH_SEARCH_PATHS = (
					"$(inherited)",
					"@executable_path/Frameworks",
				);
				MARKETING_VERSION = 1.0;
				PRODUCT_BUNDLE_IDENTIFIER = "com.feyzatopgul.Burger-Finder";
				PRODUCT_NAME = "$(TARGET_NAME)";
				SWIFT_EMIT_LOC_STRINGS = YES;
				SWIFT_VERSION = 5.0;
				TARGETED_DEVICE_FAMILY = "1,2";
			};
			name = Release;
		};
/* End XCBuildConfiguration section */

/* Begin XCConfigurationList section */
		62893C00295781A6009012A6 /* Build configuration list for PBXProject "Burger Finder" */ = {
			isa = XCConfigurationList;
			buildConfigurations = (
				62893C17295781A7009012A6 /* Debug */,
				62893C18295781A7009012A6 /* Release */,
			);
			defaultConfigurationIsVisible = 0;
			defaultConfigurationName = Release;
		};
		62893C19295781A7009012A6 /* Build configuration list for PBXNativeTarget "Burger Finder" */ = {
			isa = XCConfigurationList;
			buildConfigurations = (
				62893C1A295781A7009012A6 /* Debug */,
				62893C1B295781A7009012A6 /* Release */,
			);
			defaultConfigurationIsVisible = 0;
			defaultConfigurationName = Release;
		};
/* End XCConfigurationList section */

/* Begin XCVersionGroup section */
		62400629295DFD6000F536F3 /* PlaceDataModel.xcdatamodeld */ = {
			isa = XCVersionGroup;
			children = (
				6240062A295DFD6000F536F3 /* PlaceDataModel.xcdatamodel */,
			);
			currentVersion = 6240062A295DFD6000F536F3 /* PlaceDataModel.xcdatamodel */;
			path = PlaceDataModel.xcdatamodeld;
			sourceTree = "<group>";
			versionGroupType = wrapper.xcdatamodel;
		};
/* End XCVersionGroup section */
	};
	rootObject = 62893BFD295781A6009012A6 /* Project object */;
}
